
Microsoft Visual Studio Solution File, Format Version 12.00
# Visual Studio Version 17
VisualStudioVersion = 17.5.33516.290
MinimumVisualStudioVersion = 10.0.40219.1
Project("{FAE04EC0-301F-11D3-BF4B-00C04F79EFBC}") = "Amazon.ESC.AspNETCore.WebAPI.Deploy.Example.API", "Amazon.ESC.AspNETCore.WebAPI.Deploy.Example.API\Amazon.ESC.AspNETCore.WebAPI.Deploy.Example.API.csproj", "{3A91EFCE-C738-4EC4-ACA5-970D5CDA2632}"
EndProject
Global
	GlobalSection(SolutionConfigurationPlatforms) = preSolution
		Debug|Any CPU = Debug|Any CPU
		Release|Any CPU = Release|Any CPU
	EndGlobalSection
	GlobalSection(ProjectConfigurationPlatforms) = postSolution
		{3A91EFCE-C738-4EC4-ACA5-970D5CDA2632}.Debug|Any CPU.ActiveCfg = Debug|Any CPU
		{3A91EFCE-C738-4EC4-ACA5-970D5CDA2632}.Debug|Any CPU.Build.0 = Debug|Any CPU
		{3A91EFCE-C738-4EC4-ACA5-970D5CDA2632}.Release|Any CPU.ActiveCfg = Release|Any CPU
		{3A91EFCE-C738-4EC4-ACA5-970D5CDA2632}.Release|Any CPU.Build.0 = Release|Any CPU
	EndGlobalSection
	GlobalSection(SolutionProperties) = preSolution
		HideSolutionNode = FALSE
	EndGlobalSection
	GlobalSection(ExtensibilityGlobals) = postSolution
		SolutionGuid = {35C1BAE2-30C0-4EDF-B7E0-45B6207C6A06}
	EndGlobalSection
EndGlobal
